
Microsoft Visual Studio Solution File, Format Version 12.00
# Visual Studio Version 16
VisualStudioVersion = 16.0.29728.190
MinimumVisualStudioVersion = 10.0.40219.1
Project("{FAE04EC0-301F-11D3-BF4B-00C04F79EFBC}") = "Lab01_HelloWorld", "Lab01_HelloWorld\Lab01_HelloWorld.csproj", "{8DCC5C27-4E47-4D34-9A96-170930DFA71F}"
EndProject
Global
	GlobalSection(SolutionConfigurationPlatforms) = preSolution
		Debug|Any CPU = Debug|Any CPU
		Release|Any CPU = Release|Any CPU
	EndGlobalSection
	GlobalSection(ProjectConfigurationPlatforms) = postSolution
		{8DCC5C27-4E47-4D34-9A96-170930DFA71F}.Debug|Any CPU.ActiveCfg = Debug|Any CPU
		{8DCC5C27-4E47-4D34-9A96-170930DFA71F}.Debug|Any CPU.Build.0 = Debug|Any CPU
		{8DCC5C27-4E47-4D34-9A96-170930DFA71F}.Release|Any CPU.ActiveCfg = Release|Any CPU
		{8DCC5C27-4E47-4D34-9A96-170930DFA71F}.Release|Any CPU.Build.0 = Release|Any CPU
	EndGlobalSection
	GlobalSection(SolutionProperties) = preSolution
		HideSolutionNode = FALSE
	EndGlobalSection
	GlobalSection(ExtensibilityGlobals) = postSolution
		SolutionGuid = {897B882B-D831-4047-975C-996615E45623}
	EndGlobalSection
EndGlobal
